
Microsoft Visual Studio Solution File, Format Version 12.00
# Visual Studio Version 17
VisualStudioVersion = 17.0.31903.59
MinimumVisualStudioVersion = 10.0.40219.1
Project("{2150E333-8FDC-42A3-9474-1A3956D46DE8}") = "src", "src", "{827E0CD3-B72D-47B6-A68D-7590B98EB39B}"
EndProject
Project("{2150E333-8FDC-42A3-9474-1A3956D46DE8}") = "SharedKernel", "SharedKernel", "{85F909CB-8F14-ECC8-BA9D-713D1771907F}"
EndProject
Project("{FAE04EC0-301F-11D3-BF4B-00C04F79EFBC}") = "MoneyJudgement.SharedKernel", "src\SharedKernel\MoneyJudgement.SharedKernel.csproj", "{A4C5D608-21B9-4259-8B30-E3327EC25E58}"
EndProject
Project("{2150E333-8FDC-42A3-9474-1A3956D46DE8}") = "Modules", "Modules", "{EC447DCF-ABFA-6E24-52A5-D7FD48A5C558}"
EndProject
Project("{2150E333-8FDC-42A3-9474-1A3956D46DE8}") = "Identity", "Identity", "{0EC62A1A-9858-3A60-8A0C-FC9AACFA2EC7}"
EndProject
Project("{FAE04EC0-301F-11D3-BF4B-00C04F79EFBC}") = "MoneyJudgement.Modules.Identity", "src\Modules\Identity\MoneyJudgement.Modules.Identity\MoneyJudgement.Modules.Identity.csproj", "{F7FDC192-FD5E-4665-934A-E4F23DA20DB3}"
EndProject
Project("{FAE04EC0-301F-11D3-BF4B-00C04F79EFBC}") = "MoneyJudgement.Modules.Identity.Contracts", "src\Modules\Identity\MoneyJudgement.Modules.Identity.Contracts\MoneyJudgement.Modules.Identity.Contracts.csproj", "{75069976-4325-44C5-82A6-41F4CC723127}"
EndProject
Project("{2150E333-8FDC-42A3-9474-1A3956D46DE8}") = "GroupManagement", "GroupManagement", "{D01B1042-0872-1CD9-BA61-DBB0FA62CBA5}"
EndProject
Project("{FAE04EC0-301F-11D3-BF4B-00C04F79EFBC}") = "MoneyJudgement.Modules.GroupManagement", "src\Modules\GroupManagement\MoneyJudgement.Modules.GroupManagement\MoneyJudgement.Modules.GroupManagement.csproj", "{53818AF1-E653-416B-9ED8-7A4E002A4542}"
EndProject
Project("{FAE04EC0-301F-11D3-BF4B-00C04F79EFBC}") = "MoneyJudgement.Modules.GroupManagement.Contracts", "src\Modules\GroupManagement\MoneyJudgement.Modules.GroupManagement.Contracts\MoneyJudgement.Modules.GroupManagement.Contracts.csproj", "{A37C6061-9EEE-48F7-A478-FF86F2CD24EF}"
EndProject
Project("{2150E333-8FDC-42A3-9474-1A3956D46DE8}") = "BillSplitting", "BillSplitting", "{4E193E21-30BF-7C4F-8274-D51087C51232}"
EndProject
Project("{FAE04EC0-301F-11D3-BF4B-00C04F79EFBC}") = "MoneyJudgement.Modules.BillSplitting", "src\Modules\BillSplitting\MoneyJudgement.Modules.BillSplitting\MoneyJudgement.Modules.BillSplitting.csproj", "{E3237B2A-C0A9-4E00-9A79-3B9EE1E37B7F}"
EndProject
Project("{FAE04EC0-301F-11D3-BF4B-00C04F79EFBC}") = "MoneyJudgement.Modules.BillSplitting.Contracts", "src\Modules\BillSplitting\MoneyJudgement.Modules.BillSplitting.Contracts\MoneyJudgement.Modules.BillSplitting.Contracts.csproj", "{FBC4CC5E-52CB-4EED-B86B-E78CE995A756}"
EndProject
Project("{2150E333-8FDC-42A3-9474-1A3956D46DE8}") = "Settlement", "Settlement", "{74080FD8-D53B-DD70-09F6-2541D54CAEC0}"
EndProject
Project("{FAE04EC0-301F-11D3-BF4B-00C04F79EFBC}") = "MoneyJudgement.Modules.Settlement", "src\Modules\Settlement\MoneyJudgement.Modules.Settlement\MoneyJudgement.Modules.Settlement.csproj", "{04DE07E0-2373-4D39-8D06-F26304147C6A}"
EndProject
Project("{FAE04EC0-301F-11D3-BF4B-00C04F79EFBC}") = "MoneyJudgement.Modules.Settlement.Contracts", "src\Modules\Settlement\MoneyJudgement.Modules.Settlement.Contracts\MoneyJudgement.Modules.Settlement.Contracts.csproj", "{3FBCDB53-100E-40F1-9063-5622A1CF0880}"
EndProject
Project("{2150E333-8FDC-42A3-9474-1A3956D46DE8}") = "Reporting", "Reporting", "{738763F7-68AC-12DE-A386-1ED9BDE12CF2}"
EndProject
Project("{FAE04EC0-301F-11D3-BF4B-00C04F79EFBC}") = "MoneyJudgement.Modules.Reporting", "src\Modules\Reporting\MoneyJudgement.Modules.Reporting\MoneyJudgement.Modules.Reporting.csproj", "{3AE01A1A-8228-4BBA-AE19-3D65F0EB430B}"
EndProject
Project("{2150E333-8FDC-42A3-9474-1A3956D46DE8}") = "Host", "Host", "{981C2CF6-E5BB-602A-511C-234B538302B0}"
EndProject
Project("{FAE04EC0-301F-11D3-BF4B-00C04F79EFBC}") = "MoneyJudgement.Host", "src\Host\MoneyJudgement.Host\MoneyJudgement.Host.csproj", "{DDC88550-B342-44F4-8649-272761BE2A78}"
EndProject
Global
	GlobalSection(SolutionConfigurationPlatforms) = preSolution
		Debug|Any CPU = Debug|Any CPU
		Debug|x64 = Debug|x64
		Debug|x86 = Debug|x86
		Release|Any CPU = Release|Any CPU
		Release|x64 = Release|x64
		Release|x86 = Release|x86
	EndGlobalSection
	GlobalSection(ProjectConfigurationPlatforms) = postSolution
		{A4C5D608-21B9-4259-8B30-E3327EC25E58}.Debug|Any CPU.ActiveCfg = Debug|Any CPU
		{A4C5D608-21B9-4259-8B30-E3327EC25E58}.Debug|Any CPU.Build.0 = Debug|Any CPU
		{A4C5D608-21B9-4259-8B30-E3327EC25E58}.Debug|x64.ActiveCfg = Debug|Any CPU
		{A4C5D608-21B9-4259-8B30-E3327EC25E58}.Debug|x64.Build.0 = Debug|Any CPU
		{A4C5D608-21B9-4259-8B30-E3327EC25E58}.Debug|x86.ActiveCfg = Debug|Any CPU
		{A4C5D608-21B9-4259-8B30-E3327EC25E58}.Debug|x86.Build.0 = Debug|Any CPU
		{A4C5D608-21B9-4259-8B30-E3327EC25E58}.Release|Any CPU.ActiveCfg = Release|Any CPU
		{A4C5D608-21B9-4259-8B30-E3327EC25E58}.Release|Any CPU.Build.0 = Release|Any CPU
		{A4C5D608-21B9-4259-8B30-E3327EC25E58}.Release|x64.ActiveCfg = Release|Any CPU
		{A4C5D608-21B9-4259-8B30-E3327EC25E58}.Release|x64.Build.0 = Release|Any CPU
		{A4C5D608-21B9-4259-8B30-E3327EC25E58}.Release|x86.ActiveCfg = Release|Any CPU
		{A4C5D608-21B9-4259-8B30-E3327EC25E58}.Release|x86.Build.0 = Release|Any CPU
		{F7FDC192-FD5E-4665-934A-E4F23DA20DB3}.Debug|Any CPU.ActiveCfg = Debug|Any CPU
		{F7FDC192-FD5E-4665-934A-E4F23DA20DB3}.Debug|Any CPU.Build.0 = Debug|Any CPU
		{F7FDC192-FD5E-4665-934A-E4F23DA20DB3}.Debug|x64.ActiveCfg = Debug|Any CPU
		{F7FDC192-FD5E-4665-934A-E4F23DA20DB3}.Debug|x64.Build.0 = Debug|Any CPU
		{F7FDC192-FD5E-4665-934A-E4F23DA20DB3}.Debug|x86.ActiveCfg = Debug|Any CPU
		{F7FDC192-FD5E-4665-934A-E4F23DA20DB3}.Debug|x86.Build.0 = Debug|Any CPU
		{F7FDC192-FD5E-4665-934A-E4F23DA20DB3}.Release|Any CPU.ActiveCfg = Release|Any CPU
		{F7FDC192-FD5E-4665-934A-E4F23DA20DB3}.Release|Any CPU.Build.0 = Release|Any CPU
		{F7FDC192-FD5E-4665-934A-E4F23DA20DB3}.Release|x64.ActiveCfg = Release|Any CPU
		{F7FDC192-FD5E-4665-934A-E4F23DA20DB3}.Release|x64.Build.0 = Release|Any CPU
		{F7FDC192-FD5E-4665-934A-E4F23DA20DB3}.Release|x86.ActiveCfg = Release|Any CPU
		{F7FDC192-FD5E-4665-934A-E4F23DA20DB3}.Release|x86.Build.0 = Release|Any CPU
		{75069976-4325-44C5-82A6-41F4CC723127}.Debug|Any CPU.ActiveCfg = Debug|Any CPU
		{75069976-4325-44C5-82A6-41F4CC723127}.Debug|Any CPU.Build.0 = Debug|Any CPU
		{75069976-4325-44C5-82A6-41F4CC723127}.Debug|x64.ActiveCfg = Debug|Any CPU
		{75069976-4325-44C5-82A6-41F4CC723127}.Debug|x64.Build.0 = Debug|Any CPU
		{75069976-4325-44C5-82A6-41F4CC723127}.Debug|x86.ActiveCfg = Debug|Any CPU
		{75069976-4325-44C5-82A6-41F4CC723127}.Debug|x86.Build.0 = Debug|Any CPU
		{75069976-4325-44C5-82A6-41F4CC723127}.Release|Any CPU.ActiveCfg = Release|Any CPU
		{75069976-4325-44C5-82A6-41F4CC723127}.Release|Any CPU.Build.0 = Release|Any CPU
		{75069976-4325-44C5-82A6-41F4CC723127}.Release|x64.ActiveCfg = Release|Any CPU
		{75069976-4325-44C5-82A6-41F4CC723127}.Release|x64.Build.0 = Release|Any CPU
		{75069976-4325-44C5-82A6-41F4CC723127}.Release|x86.ActiveCfg = Release|Any CPU
		{75069976-4325-44C5-82A6-41F4CC723127}.Release|x86.Build.0 = Release|Any CPU
		{53818AF1-E653-416B-9ED8-7A4E002A4542}.Debug|Any CPU.ActiveCfg = Debug|Any CPU
		{53818AF1-E653-416B-9ED8-7A4E002A4542}.Debug|Any CPU.Build.0 = Debug|Any CPU
		{53818AF1-E653-416B-9ED8-7A4E002A4542}.Debug|x64.ActiveCfg = Debug|Any CPU
		{53818AF1-E653-416B-9ED8-7A4E002A4542}.Debug|x64.Build.0 = Debug|Any CPU
		{53818AF1-E653-416B-9ED8-7A4E002A4542}.Debug|x86.ActiveCfg = Debug|Any CPU
		{53818AF1-E653-416B-9ED8-7A4E002A4542}.Debug|x86.Build.0 = Debug|Any CPU
		{53818AF1-E653-416B-9ED8-7A4E002A4542}.Release|Any CPU.ActiveCfg = Release|Any CPU
		{53818AF1-E653-416B-9ED8-7A4E002A4542}.Release|Any CPU.Build.0 = Release|Any CPU
		{53818AF1-E653-416B-9ED8-7A4E002A4542}.Release|x64.ActiveCfg = Release|Any CPU
		{53818AF1-E653-416B-9ED8-7A4E002A4542}.Release|x64.Build.0 = Release|Any CPU
		{53818AF1-E653-416B-9ED8-7A4E002A4542}.Release|x86.ActiveCfg = Release|Any CPU
		{53818AF1-E653-416B-9ED8-7A4E002A4542}.Release|x86.Build.0 = Release|Any CPU
		{A37C6061-9EEE-48F7-A478-FF86F2CD24EF}.Debug|Any CPU.ActiveCfg = Debug|Any CPU
		{A37C6061-9EEE-48F7-A478-FF86F2CD24EF}.Debug|Any CPU.Build.0 = Debug|Any CPU
		{A37C6061-9EEE-48F7-A478-FF86F2CD24EF}.Debug|x64.ActiveCfg = Debug|Any CPU
		{A37C6061-9EEE-48F7-A478-FF86F2CD24EF}.Debug|x64.Build.0 = Debug|Any CPU
		{A37C6061-9EEE-48F7-A478-FF86F2CD24EF}.Debug|x86.ActiveCfg = Debug|Any CPU
		{A37C6061-9EEE-48F7-A478-FF86F2CD24EF}.Debug|x86.Build.0 = Debug|Any CPU
		{A37C6061-9EEE-48F7-A478-FF86F2CD24EF}.Release|Any CPU.ActiveCfg = Release|Any CPU
		{A37C6061-9EEE-48F7-A478-FF86F2CD24EF}.Release|Any CPU.Build.0 = Release|Any CPU
		{A37C6061-9EEE-48F7-A478-FF86F2CD24EF}.Release|x64.ActiveCfg = Release|Any CPU
		{A37C6061-9EEE-48F7-A478-FF86F2CD24EF}.Release|x64.Build.0 = Release|Any CPU
		{A37C6061-9EEE-48F7-A478-FF86F2CD24EF}.Release|x86.ActiveCfg = Release|Any CPU
		{A37C6061-9EEE-48F7-A478-FF86F2CD24EF}.Release|x86.Build.0 = Release|Any CPU
		{E3237B2A-C0A9-4E00-9A79-3B9EE1E37B7F}.Debug|Any CPU.ActiveCfg = Debug|Any CPU
		{E3237B2A-C0A9-4E00-9A79-3B9EE1E37B7F}.Debug|Any CPU.Build.0 = Debug|Any CPU
		{E3237B2A-C0A9-4E00-9A79-3B9EE1E37B7F}.Debug|x64.ActiveCfg = Debug|Any CPU
		{E3237B2A-C0A9-4E00-9A79-3B9EE1E37B7F}.Debug|x64.Build.0 = Debug|Any CPU
		{E3237B2A-C0A9-4E00-9A79-3B9EE1E37B7F}.Debug|x86.ActiveCfg = Debug|Any CPU
		{E3237B2A-C0A9-4E00-9A79-3B9EE1E37B7F}.Debug|x86.Build.0 = Debug|Any CPU
		{E3237B2A-C0A9-4E00-9A79-3B9EE1E37B7F}.Release|Any CPU.ActiveCfg = Release|Any CPU
		{E3237B2A-C0A9-4E00-9A79-3B9EE1E37B7F}.Release|Any CPU.Build.0 = Release|Any CPU
		{E3237B2A-C0A9-4E00-9A79-3B9EE1E37B7F}.Release|x64.ActiveCfg = Release|Any CPU
		{E3237B2A-C0A9-4E00-9A79-3B9EE1E37B7F}.Release|x64.Build.0 = Release|Any CPU
		{E3237B2A-C0A9-4E00-9A79-3B9EE1E37B7F}.Release|x86.ActiveCfg = Release|Any CPU
		{E3237B2A-C0A9-4E00-9A79-3B9EE1E37B7F}.Release|x86.Build.0 = Release|Any CPU
		{FBC4CC5E-52CB-4EED-B86B-E78CE995A756}.Debug|Any CPU.ActiveCfg = Debug|Any CPU
		{FBC4CC5E-52CB-4EED-B86B-E78CE995A756}.Debug|Any CPU.Build.0 = Debug|Any CPU
		{FBC4CC5E-52CB-4EED-B86B-E78CE995A756}.Debug|x64.ActiveCfg = Debug|Any CPU
		{FBC4CC5E-52CB-4EED-B86B-E78CE995A756}.Debug|x64.Build.0 = Debug|Any CPU
		{FBC4CC5E-52CB-4EED-B86B-E78CE995A756}.Debug|x86.ActiveCfg = Debug|Any CPU
		{FBC4CC5E-52CB-4EED-B86B-E78CE995A756}.Debug|x86.Build.0 = Debug|Any CPU
		{FBC4CC5E-52CB-4EED-B86B-E78CE995A756}.Release|Any CPU.ActiveCfg = Release|Any CPU
		{FBC4CC5E-52CB-4EED-B86B-E78CE995A756}.Release|Any CPU.Build.0 = Release|Any CPU
		{FBC4CC5E-52CB-4EED-B86B-E78CE995A756}.Release|x64.ActiveCfg = Release|Any CPU
		{FBC4CC5E-52CB-4EED-B86B-E78CE995A756}.Release|x64.Build.0 = Release|Any CPU
		{FBC4CC5E-52CB-4EED-B86B-E78CE995A756}.Release|x86.ActiveCfg = Release|Any CPU
		{FBC4CC5E-52CB-4EED-B86B-E78CE995A756}.Release|x86.Build.0 = Release|Any CPU
		{04DE07E0-2373-4D39-8D06-F26304147C6A}.Debug|Any CPU.ActiveCfg = Debug|Any CPU
		{04DE07E0-2373-4D39-8D06-F26304147C6A}.Debug|Any CPU.Build.0 = Debug|Any CPU
		{04DE07E0-2373-4D39-8D06-F26304147C6A}.Debug|x64.ActiveCfg = Debug|Any CPU
		{04DE07E0-2373-4D39-8D06-F26304147C6A}.Debug|x64.Build.0 = Debug|Any CPU
		{04DE07E0-2373-4D39-8D06-F26304147C6A}.Debug|x86.ActiveCfg = Debug|Any CPU
		{04DE07E0-2373-4D39-8D06-F26304147C6A}.Debug|x86.Build.0 = Debug|Any CPU
		{04DE07E0-2373-4D39-8D06-F26304147C6A}.Release|Any CPU.ActiveCfg = Release|Any CPU
		{04DE07E0-2373-4D39-8D06-F26304147C6A}.Release|Any CPU.Build.0 = Release|Any CPU
		{04DE07E0-2373-4D39-8D06-F26304147C6A}.Release|x64.ActiveCfg = Release|Any CPU
		{04DE07E0-2373-4D39-8D06-F26304147C6A}.Release|x64.Build.0 = Release|Any CPU
		{04DE07E0-2373-4D39-8D06-F26304147C6A}.Release|x86.ActiveCfg = Release|Any CPU
		{04DE07E0-2373-4D39-8D06-F26304147C6A}.Release|x86.Build.0 = Release|Any CPU
		{3FBCDB53-100E-40F1-9063-5622A1CF0880}.Debug|Any CPU.ActiveCfg = Debug|Any CPU
		{3FBCDB53-100E-40F1-9063-5622A1CF0880}.Debug|Any CPU.Build.0 = Debug|Any CPU
		{3FBCDB53-100E-40F1-9063-5622A1CF0880}.Debug|x64.ActiveCfg = Debug|Any CPU
		{3FBCDB53-100E-40F1-9063-5622A1CF0880}.Debug|x64.Build.0 = Debug|Any CPU
		{3FBCDB53-100E-40F1-9063-5622A1CF0880}.Debug|x86.ActiveCfg = Debug|Any CPU
		{3FBCDB53-100E-40F1-9063-5622A1CF0880}.Debug|x86.Build.0 = Debug|Any CPU
		{3FBCDB53-100E-40F1-9063-5622A1CF0880}.Release|Any CPU.ActiveCfg = Release|Any CPU
		{3FBCDB53-100E-40F1-9063-5622A1CF0880}.Release|Any CPU.Build.0 = Release|Any CPU
		{3FBCDB53-100E-40F1-9063-5622A1CF0880}.Release|x64.ActiveCfg = Release|Any CPU
		{3FBCDB53-100E-40F1-9063-5622A1CF0880}.Release|x64.Build.0 = Release|Any CPU
		{3FBCDB53-100E-40F1-9063-5622A1CF0880}.Release|x86.ActiveCfg = Release|Any CPU
		{3FBCDB53-100E-40F1-9063-5622A1CF0880}.Release|x86.Build.0 = Release|Any CPU
		{3AE01A1A-8228-4BBA-AE19-3D65F0EB430B}.Debug|Any CPU.ActiveCfg = Debug|Any CPU
		{3AE01A1A-8228-4BBA-AE19-3D65F0EB430B}.Debug|Any CPU.Build.0 = Debug|Any CPU
		{3AE01A1A-8228-4BBA-AE19-3D65F0EB430B}.Debug|x64.ActiveCfg = Debug|Any CPU
		{3AE01A1A-8228-4BBA-AE19-3D65F0EB430B}.Debug|x64.Build.0 = Debug|Any CPU
		{3AE01A1A-8228-4BBA-AE19-3D65F0EB430B}.Debug|x86.ActiveCfg = Debug|Any CPU
		{3AE01A1A-8228-4BBA-AE19-3D65F0EB430B}.Debug|x86.Build.0 = Debug|Any CPU
		{3AE01A1A-8228-4BBA-AE19-3D65F0EB430B}.Release|Any CPU.ActiveCfg = Release|Any CPU
		{3AE01A1A-8228-4BBA-AE19-3D65F0EB430B}.Release|Any CPU.Build.0 = Release|Any CPU
		{3AE01A1A-8228-4BBA-AE19-3D65F0EB430B}.Release|x64.ActiveCfg = Release|Any CPU
		{3AE01A1A-8228-4BBA-AE19-3D65F0EB430B}.Release|x64.Build.0 = Release|Any CPU
		{3AE01A1A-8228-4BBA-AE19-3D65F0EB430B}.Release|x86.ActiveCfg = Release|Any CPU
		{3AE01A1A-8228-4BBA-AE19-3D65F0EB430B}.Release|x86.Build.0 = Release|Any CPU
		{DDC88550-B342-44F4-8649-272761BE2A78}.Debug|Any CPU.ActiveCfg = Debug|Any CPU
		{DDC88550-B342-44F4-8649-272761BE2A78}.Debug|Any CPU.Build.0 = Debug|Any CPU
		{DDC88550-B342-44F4-8649-272761BE2A78}.Debug|x64.ActiveCfg = Debug|Any CPU
		{DDC88550-B342-44F4-8649-272761BE2A78}.Debug|x64.Build.0 = Debug|Any CPU
		{DDC88550-B342-44F4-8649-272761BE2A78}.Debug|x86.ActiveCfg = Debug|Any CPU
		{DDC88550-B342-44F4-8649-272761BE2A78}.Debug|x86.Build.0 = Debug|Any CPU
		{DDC88550-B342-44F4-8649-272761BE2A78}.Release|Any CPU.ActiveCfg = Release|Any CPU
		{DDC88550-B342-44F4-8649-272761BE2A78}.Release|Any CPU.Build.0 = Release|Any CPU
		{DDC88550-B342-44F4-8649-272761BE2A78}.Release|x64.ActiveCfg = Release|Any CPU
		{DDC88550-B342-44F4-8649-272761BE2A78}.Release|x64.Build.0 = Release|Any CPU
		{DDC88550-B342-44F4-8649-272761BE2A78}.Release|x86.ActiveCfg = Release|Any CPU
		{DDC88550-B342-44F4-8649-272761BE2A78}.Release|x86.Build.0 = Release|Any CPU
	EndGlobalSection
	GlobalSection(SolutionProperties) = preSolution
		HideSolutionNode = FALSE
	EndGlobalSection
	GlobalSection(NestedProjects) = preSolution
		{85F909CB-8F14-ECC8-BA9D-713D1771907F} = {827E0CD3-B72D-47B6-A68D-7590B98EB39B}
		{A4C5D608-21B9-4259-8B30-E3327EC25E58} = {85F909CB-8F14-ECC8-BA9D-713D1771907F}
		{EC447DCF-ABFA-6E24-52A5-D7FD48A5C558} = {827E0CD3-B72D-47B6-A68D-7590B98EB39B}
		{0EC62A1A-9858-3A60-8A0C-FC9AACFA2EC7} = {EC447DCF-ABFA-6E24-52A5-D7FD48A5C558}
		{F7FDC192-FD5E-4665-934A-E4F23DA20DB3} = {0EC62A1A-9858-3A60-8A0C-FC9AACFA2EC7}
		{75069976-4325-44C5-82A6-41F4CC723127} = {0EC62A1A-9858-3A60-8A0C-FC9AACFA2EC7}
		{D01B1042-0872-1CD9-BA61-DBB0FA62CBA5} = {EC447DCF-ABFA-6E24-52A5-D7FD48A5C558}
		{53818AF1-E653-416B-9ED8-7A4E002A4542} = {D01B1042-0872-1CD9-BA61-DBB0FA62CBA5}
		{A37C6061-9EEE-48F7-A478-FF86F2CD24EF} = {D01B1042-0872-1CD9-BA61-DBB0FA62CBA5}
		{4E193E21-30BF-7C4F-8274-D51087C51232} = {EC447DCF-ABFA-6E24-52A5-D7FD48A5C558}
		{E3237B2A-C0A9-4E00-9A79-3B9EE1E37B7F} = {4E193E21-30BF-7C4F-8274-D51087C51232}
		{FBC4CC5E-52CB-4EED-B86B-E78CE995A756} = {4E193E21-30BF-7C4F-8274-D51087C51232}
		{74080FD8-D53B-DD70-09F6-2541D54CAEC0} = {EC447DCF-ABFA-6E24-52A5-D7FD48A5C558}
		{04DE07E0-2373-4D39-8D06-F26304147C6A} = {74080FD8-D53B-DD70-09F6-2541D54CAEC0}
		{3FBCDB53-100E-40F1-9063-5622A1CF0880} = {74080FD8-D53B-DD70-09F6-2541D54CAEC0}
		{738763F7-68AC-12DE-A386-1ED9BDE12CF2} = {EC447DCF-ABFA-6E24-52A5-D7FD48A5C558}
		{3AE01A1A-8228-4BBA-AE19-3D65F0EB430B} = {738763F7-68AC-12DE-A386-1ED9BDE12CF2}
		{981C2CF6-E5BB-602A-511C-234B538302B0} = {827E0CD3-B72D-47B6-A68D-7590B98EB39B}
		{DDC88550-B342-44F4-8649-272761BE2A78} = {981C2CF6-E5BB-602A-511C-234B538302B0}
	EndGlobalSection
EndGlobal
